
Microsoft Visual Studio Solution File, Format Version 12.00
# Visual Studio Version 17
VisualStudioVersion = 17.14.36408.4
MinimumVisualStudioVersion = 10.0.40219.1
Project("{FAE04EC0-301F-11D3-BF4B-00C04F79EFBC}") = "GingerBakeryFunctions_ST10444488", "GingerBakeryFunctions_ST10444488\GingerBakeryFunctions_ST10444488.csproj", "{999BE6E2-1EB6-4F4E-A7C7-E6D103A60D09}"
EndProject
Global
	GlobalSection(SolutionConfigurationPlatforms) = preSolution
		Debug|Any CPU = Debug|Any CPU
		Release|Any CPU = Release|Any CPU
	EndGlobalSection
	GlobalSection(ProjectConfigurationPlatforms) = postSolution
		{999BE6E2-1EB6-4F4E-A7C7-E6D103A60D09}.Debug|Any CPU.ActiveCfg = Debug|Any CPU
		{999BE6E2-1EB6-4F4E-A7C7-E6D103A60D09}.Debug|Any CPU.Build.0 = Debug|Any CPU
		{999BE6E2-1EB6-4F4E-A7C7-E6D103A60D09}.Release|Any CPU.ActiveCfg = Release|Any CPU
		{999BE6E2-1EB6-4F4E-A7C7-E6D103A60D09}.Release|Any CPU.Build.0 = Release|Any CPU
	EndGlobalSection
	GlobalSection(SolutionProperties) = preSolution
		HideSolutionNode = FALSE
	EndGlobalSection
	GlobalSection(ExtensibilityGlobals) = postSolution
		SolutionGuid = {E5CB37E4-16CC-4632-8E5C-9E28018A0131}
	EndGlobalSection
EndGlobal
